// !$*UTF8*$!
{
	archiveVersion = 1;
	classes = {
	};
	objectVersion = 46;
	objects = {

/* Begin PBXBuildFile section */
		161A6D9B1AABE6FB0081F40A /* HorariosTableViewController.swift in Sources */ = {isa = PBXBuildFile; fileRef = 161A6D9A1AABE6FB0081F40A /* HorariosTableViewController.swift */; };
		163E93C21AABF9710035913F /* Horario.m in Sources */ = {isa = PBXBuildFile; fileRef = 163E93C11AABF9710035913F /* Horario.m */; };
		163E93C41AAC058F0035913F /* ConfigTableViewController.swift in Sources */ = {isa = PBXBuildFile; fileRef = 163E93C31AAC058F0035913F /* ConfigTableViewController.swift */; };
		16BC2DB91AA363F4004EBBD4 /* ChooseSentidoTableViewController.swift in Sources */ = {isa = PBXBuildFile; fileRef = 16BC2DB81AA363F4004EBBD4 /* ChooseSentidoTableViewController.swift */; };
		16BC2DBB1AA39646004EBBD4 /* InitialViewController.swift in Sources */ = {isa = PBXBuildFile; fileRef = 16BC2DBA1AA39646004EBBD4 /* InitialViewController.swift */; };
		16BC2DBD1AA396E0004EBBD4 /* CoreLocation.framework in Frameworks */ = {isa = PBXBuildFile; fileRef = 16BC2DBC1AA396E0004EBBD4 /* CoreLocation.framework */; };
		16BC4BD01AA23CE20087C855 /* AppDelegate.swift in Sources */ = {isa = PBXBuildFile; fileRef = 16BC4BCF1AA23CE20087C855 /* AppDelegate.swift */; };
		16BC4BD31AA23CE20087C855 /* MetroforApp.xcdatamodeld in Sources */ = {isa = PBXBuildFile; fileRef = 16BC4BD11AA23CE20087C855 /* MetroforApp.xcdatamodeld */; };
		16BC4BD51AA23CE20087C855 /* MasterViewController.swift in Sources */ = {isa = PBXBuildFile; fileRef = 16BC4BD41AA23CE20087C855 /* MasterViewController.swift */; };
		16BC4BDA1AA23CE20087C855 /* Main.storyboard in Resources */ = {isa = PBXBuildFile; fileRef = 16BC4BD81AA23CE20087C855 /* Main.storyboard */; };
		16BC4BDC1AA23CE20087C855 /* Images.xcassets in Resources */ = {isa = PBXBuildFile; fileRef = 16BC4BDB1AA23CE20087C855 /* Images.xcassets */; };
		16BC4BDF1AA23CE20087C855 /* LaunchScreen.xib in Resources */ = {isa = PBXBuildFile; fileRef = 16BC4BDD1AA23CE20087C855 /* LaunchScreen.xib */; };
		16BC4BEB1AA23CE20087C855 /* MetroforAppTests.swift in Sources */ = {isa = PBXBuildFile; fileRef = 16BC4BEA1AA23CE20087C855 /* MetroforAppTests.swift */; };
		16BC4BF91AA255FD0087C855 /* ManagerData.swift in Sources */ = {isa = PBXBuildFile; fileRef = 16BC4BF81AA255FD0087C855 /* ManagerData.swift */; };
		16BC4BFB1AA264510087C855 /* ChooseEstacaoTableViewController.swift in Sources */ = {isa = PBXBuildFile; fileRef = 16BC4BFA1AA264510087C855 /* ChooseEstacaoTableViewController.swift */; };
		16BC4BFE1AA266B10087C855 /* Estacao.m in Sources */ = {isa = PBXBuildFile; fileRef = 16BC4BFD1AA266B10087C855 /* Estacao.m */; };
		16BC4C011AA266B10087C855 /* Linha.m in Sources */ = {isa = PBXBuildFile; fileRef = 16BC4C001AA266B10087C855 /* Linha.m */; };
		16BE11CD1AACF1DC0040083F /* Usuario.m in Sources */ = {isa = PBXBuildFile; fileRef = 16BE11CC1AACF1DC0040083F /* Usuario.m */; };
		16BE11CF1AACFE5E0040083F /* MapsChooseEstacaoTableViewController.swift in Sources */ = {isa = PBXBuildFile; fileRef = 16BE11CE1AACFE5E0040083F /* MapsChooseEstacaoTableViewController.swift */; };
		16BE11D11AAD097E0040083F /* ShowMapViewController.swift in Sources */ = {isa = PBXBuildFile; fileRef = 16BE11D01AAD097E0040083F /* ShowMapViewController.swift */; };
		16BE282C1ACB61F700DC44A2 /* SimuleChooseLinhaTableViewController.swift in Sources */ = {isa = PBXBuildFile; fileRef = 16BE282B1ACB61F700DC44A2 /* SimuleChooseLinhaTableViewController.swift */; };
		16BE28301ACB638F00DC44A2 /* SimulateChooseEstacoesViewController.swift in Sources */ = {isa = PBXBuildFile; fileRef = 16BE282F1ACB638F00DC44A2 /* SimulateChooseEstacoesViewController.swift */; };
		16BEEA301ACE1ED800EF53D3 /* RRAddTagView.swift in Sources */ = {isa = PBXBuildFile; fileRef = 16BEEA2D1ACE1ED800EF53D3 /* RRAddTagView.swift */; };
		16BEEA311ACE1ED800EF53D3 /* RRTagCollectionViewCell.swift in Sources */ = {isa = PBXBuildFile; fileRef = 16BEEA2E1ACE1ED800EF53D3 /* RRTagCollectionViewCell.swift */; };
		16BEEA321ACE1ED800EF53D3 /* RRTagController.swift in Sources */ = {isa = PBXBuildFile; fileRef = 16BEEA2F1ACE1ED800EF53D3 /* RRTagController.swift */; };
		16DB94B21AAB521F00A56D38 /* OAuthFacebookViewController.swift in Sources */ = {isa = PBXBuildFile; fileRef = 16DB94B11AAB521F00A56D38 /* OAuthFacebookViewController.swift */; };
		16DB94B61AAB55E600A56D38 /* Bolts.framework in Frameworks */ = {isa = PBXBuildFile; fileRef = 16DB94B31AAB55E600A56D38 /* Bolts.framework */; };
		16DB94B71AAB55E600A56D38 /* FacebookSDK.framework in Frameworks */ = {isa = PBXBuildFile; fileRef = 16DB94B41AAB55E600A56D38 /* FacebookSDK.framework */; };
		16DB94B81AAB55E600A56D38 /* FBAudienceNetwork.framework in Frameworks */ = {isa = PBXBuildFile; fileRef = 16DB94B51AAB55E600A56D38 /* FBAudienceNetwork.framework */; };
/* End PBXBuildFile section */

/* Begin PBXContainerItemProxy section */
		16BC4BE51AA23CE20087C855 /* PBXContainerItemProxy */ = {
			isa = PBXContainerItemProxy;
			containerPortal = 16BC4BC21AA23CE20087C855 /* Project object */;
			proxyType = 1;
			remoteGlobalIDString = 16BC4BC91AA23CE20087C855;
			remoteInfo = MetroforApp;
		};
/* End PBXContainerItemProxy section */

/* Begin PBXFileReference section */
		161A6D9A1AABE6FB0081F40A /* HorariosTableViewController.swift */ = {isa = PBXFileReference; fileEncoding = 4; lastKnownFileType = sourcecode.swift; path = HorariosTableViewController.swift; sourceTree = "<group>"; };
		163E93C01AABF9710035913F /* Horario.h */ = {isa = PBXFileReference; fileEncoding = 4; lastKnownFileType = sourcecode.c.h; path = Horario.h; sourceTree = "<group>"; };
		163E93C11AABF9710035913F /* Horario.m */ = {isa = PBXFileReference; fileEncoding = 4; lastKnownFileType = sourcecode.c.objc; path = Horario.m; sourceTree = "<group>"; };
		163E93C31AAC058F0035913F /* ConfigTableViewController.swift */ = {isa = PBXFileReference; fileEncoding = 4; lastKnownFileType = sourcecode.swift; path = ConfigTableViewController.swift; sourceTree = "<group>"; };
		16BC2DB81AA363F4004EBBD4 /* ChooseSentidoTableViewController.swift */ = {isa = PBXFileReference; fileEncoding = 4; lastKnownFileType = sourcecode.swift; path = ChooseSentidoTableViewController.swift; sourceTree = "<group>"; };
		16BC2DBA1AA39646004EBBD4 /* InitialViewController.swift */ = {isa = PBXFileReference; fileEncoding = 4; lastKnownFileType = sourcecode.swift; path = InitialViewController.swift; sourceTree = "<group>"; };
		16BC2DBC1AA396E0004EBBD4 /* CoreLocation.framework */ = {isa = PBXFileReference; lastKnownFileType = wrapper.framework; name = CoreLocation.framework; path = System/Library/Frameworks/CoreLocation.framework; sourceTree = SDKROOT; };
		16BC4BCA1AA23CE20087C855 /* MetroforApp.app */ = {isa = PBXFileReference; explicitFileType = wrapper.application; includeInIndex = 0; path = MetroforApp.app; sourceTree = BUILT_PRODUCTS_DIR; };
		16BC4BCE1AA23CE20087C855 /* Info.plist */ = {isa = PBXFileReference; lastKnownFileType = text.plist.xml; path = Info.plist; sourceTree = "<group>"; };
		16BC4BCF1AA23CE20087C855 /* AppDelegate.swift */ = {isa = PBXFileReference; lastKnownFileType = sourcecode.swift; path = AppDelegate.swift; sourceTree = "<group>"; };
		16BC4BD21AA23CE20087C855 /* MetroforApp.xcdatamodel */ = {isa = PBXFileReference; lastKnownFileType = wrapper.xcdatamodel; path = MetroforApp.xcdatamodel; sourceTree = "<group>"; };
		16BC4BD41AA23CE20087C855 /* MasterViewController.swift */ = {isa = PBXFileReference; lastKnownFileType = sourcecode.swift; path = MasterViewController.swift; sourceTree = "<group>"; };
		16BC4BD91AA23CE20087C855 /* Base */ = {isa = PBXFileReference; lastKnownFileType = file.storyboard; name = Base; path = Base.lproj/Main.storyboard; sourceTree = "<group>"; };
		16BC4BDB1AA23CE20087C855 /* Images.xcassets */ = {isa = PBXFileReference; lastKnownFileType = folder.assetcatalog; path = Images.xcassets; sourceTree = "<group>"; };
		16BC4BDE1AA23CE20087C855 /* Base */ = {isa = PBXFileReference; lastKnownFileType = file.xib; name = Base; path = Base.lproj/LaunchScreen.xib; sourceTree = "<group>"; };
		16BC4BE41AA23CE20087C855 /* MetroforAppTests.xctest */ = {isa = PBXFileReference; explicitFileType = wrapper.cfbundle; includeInIndex = 0; path = MetroforAppTests.xctest; sourceTree = BUILT_PRODUCTS_DIR; };
		16BC4BE91AA23CE20087C855 /* Info.plist */ = {isa = PBXFileReference; lastKnownFileType = text.plist.xml; path = Info.plist; sourceTree = "<group>"; };
		16BC4BEA1AA23CE20087C855 /* MetroforAppTests.swift */ = {isa = PBXFileReference; lastKnownFileType = sourcecode.swift; path = MetroforAppTests.swift; sourceTree = "<group>"; };
		16BC4BF41AA255830087C855 /* MetroforApp-Bridging-Header.h */ = {isa = PBXFileReference; lastKnownFileType = sourcecode.c.h; path = "MetroforApp-Bridging-Header.h"; sourceTree = "<group>"; };
		16BC4BF81AA255FD0087C855 /* ManagerData.swift */ = {isa = PBXFileReference; fileEncoding = 4; lastKnownFileType = sourcecode.swift; path = ManagerData.swift; sourceTree = "<group>"; };
		16BC4BFA1AA264510087C855 /* ChooseEstacaoTableViewController.swift */ = {isa = PBXFileReference; fileEncoding = 4; lastKnownFileType = sourcecode.swift; path = ChooseEstacaoTableViewController.swift; sourceTree = "<group>"; };
		16BC4BFC1AA266B10087C855 /* Estacao.h */ = {isa = PBXFileReference; fileEncoding = 4; lastKnownFileType = sourcecode.c.h; path = Estacao.h; sourceTree = "<group>"; };
		16BC4BFD1AA266B10087C855 /* Estacao.m */ = {isa = PBXFileReference; fileEncoding = 4; lastKnownFileType = sourcecode.c.objc; path = Estacao.m; sourceTree = "<group>"; };
		16BC4BFF1AA266B10087C855 /* Linha.h */ = {isa = PBXFileReference; fileEncoding = 4; lastKnownFileType = sourcecode.c.h; path = Linha.h; sourceTree = "<group>"; };
		16BC4C001AA266B10087C855 /* Linha.m */ = {isa = PBXFileReference; fileEncoding = 4; lastKnownFileType = sourcecode.c.objc; path = Linha.m; sourceTree = "<group>"; };
		16BE11CB1AACF1DC0040083F /* Usuario.h */ = {isa = PBXFileReference; fileEncoding = 4; lastKnownFileType = sourcecode.c.h; path = Usuario.h; sourceTree = "<group>"; };
		16BE11CC1AACF1DC0040083F /* Usuario.m */ = {isa = PBXFileReference; fileEncoding = 4; lastKnownFileType = sourcecode.c.objc; path = Usuario.m; sourceTree = "<group>"; };
		16BE11CE1AACFE5E0040083F /* MapsChooseEstacaoTableViewController.swift */ = {isa = PBXFileReference; fileEncoding = 4; lastKnownFileType = sourcecode.swift; path = MapsChooseEstacaoTableViewController.swift; sourceTree = "<group>"; };
		16BE11D01AAD097E0040083F /* ShowMapViewController.swift */ = {isa = PBXFileReference; fileEncoding = 4; lastKnownFileType = sourcecode.swift; path = ShowMapViewController.swift; sourceTree = "<group>"; };
		16BE282B1ACB61F700DC44A2 /* SimuleChooseLinhaTableViewController.swift */ = {isa = PBXFileReference; fileEncoding = 4; lastKnownFileType = sourcecode.swift; path = SimuleChooseLinhaTableViewController.swift; sourceTree = "<group>"; };
		16BE282F1ACB638F00DC44A2 /* SimulateChooseEstacoesViewController.swift */ = {isa = PBXFileReference; fileEncoding = 4; lastKnownFileType = sourcecode.swift; path = SimulateChooseEstacoesViewController.swift; sourceTree = "<group>"; };
		16BEEA2D1ACE1ED800EF53D3 /* RRAddTagView.swift */ = {isa = PBXFileReference; fileEncoding = 4; lastKnownFileType = sourcecode.swift; path = RRAddTagView.swift; sourceTree = "<group>"; };
		16BEEA2E1ACE1ED800EF53D3 /* RRTagCollectionViewCell.swift */ = {isa = PBXFileReference; fileEncoding = 4; lastKnownFileType = sourcecode.swift; path = RRTagCollectionViewCell.swift; sourceTree = "<group>"; };
		16BEEA2F1ACE1ED800EF53D3 /* RRTagController.swift */ = {isa = PBXFileReference; fileEncoding = 4; lastKnownFileType = sourcecode.swift; path = RRTagController.swift; sourceTree = "<group>"; };
		16DB94B11AAB521F00A56D38 /* OAuthFacebookViewController.swift */ = {isa = PBXFileReference; fileEncoding = 4; lastKnownFileType = sourcecode.swift; path = OAuthFacebookViewController.swift; sourceTree = "<group>"; };
		16DB94B31AAB55E600A56D38 /* Bolts.framework */ = {isa = PBXFileReference; lastKnownFileType = wrapper.framework; name = Bolts.framework; path = ../../../FacebookSDK/Bolts.framework; sourceTree = "<group>"; };
		16DB94B41AAB55E600A56D38 /* FacebookSDK.framework */ = {isa = PBXFileReference; lastKnownFileType = wrapper.framework; name = FacebookSDK.framework; path = ../../../FacebookSDK/FacebookSDK.framework; sourceTree = "<group>"; };
		16DB94B51AAB55E600A56D38 /* FBAudienceNetwork.framework */ = {isa = PBXFileReference; lastKnownFileType = wrapper.framework; name = FBAudienceNetwork.framework; path = ../../../FacebookSDK/FBAudienceNetwork.framework; sourceTree = "<group>"; };
/* End PBXFileReference section */

/* Begin PBXFrameworksBuildPhase section */
		16BC4BC71AA23CE20087C855 /* Frameworks */ = {
			isa = PBXFrameworksBuildPhase;
			buildActionMask = 2147483647;
			files = (
				16BC2DBD1AA396E0004EBBD4 /* CoreLocation.framework in Frameworks */,
				16DB94B61AAB55E600A56D38 /* Bolts.framework in Frameworks */,
				16DB94B71AAB55E600A56D38 /* FacebookSDK.framework in Frameworks */,
				16DB94B81AAB55E600A56D38 /* FBAudienceNetwork.framework in Frameworks */,
			);
			runOnlyForDeploymentPostprocessing = 0;
		};
		16BC4BE11AA23CE20087C855 /* Frameworks */ = {
			isa = PBXFrameworksBuildPhase;
			buildActionMask = 2147483647;
			files = (
			);
			runOnlyForDeploymentPostprocessing = 0;
		};
/* End PBXFrameworksBuildPhase section */

/* Begin PBXGroup section */
		16BC4BC11AA23CE20087C855 = {
			isa = PBXGroup;
			children = (
				16BEEA2C1ACE1EBC00EF53D3 /* RRTagController */,
				16DB94B31AAB55E600A56D38 /* Bolts.framework */,
				16DB94B41AAB55E600A56D38 /* FacebookSDK.framework */,
				16DB94B51AAB55E600A56D38 /* FBAudienceNetwork.framework */,
				16BC2DBC1AA396E0004EBBD4 /* CoreLocation.framework */,
				16BC4BCC1AA23CE20087C855 /* MetroforApp */,
				16BC4BE71AA23CE20087C855 /* MetroforAppTests */,
				16BC4BCB1AA23CE20087C855 /* Products */,
			);
			sourceTree = "<group>";
		};
		16BC4BCB1AA23CE20087C855 /* Products */ = {
			isa = PBXGroup;
			children = (
				16BC4BCA1AA23CE20087C855 /* MetroforApp.app */,
				16BC4BE41AA23CE20087C855 /* MetroforAppTests.xctest */,
			);
			name = Products;
			sourceTree = "<group>";
		};
		16BC4BCC1AA23CE20087C855 /* MetroforApp */ = {
			isa = PBXGroup;
			children = (
				16BC4BCF1AA23CE20087C855 /* AppDelegate.swift */,
				16BEEA351ACE1F1500EF53D3 /* View */,
				16BEEA341ACE1F0B00EF53D3 /* Controller */,
				16BEEA331ACE1EF100EF53D3 /* Model */,
				16BC4BF41AA255830087C855 /* MetroforApp-Bridging-Header.h */,
				16BC4BDB1AA23CE20087C855 /* Images.xcassets */,
				16BC4BD11AA23CE20087C855 /* MetroforApp.xcdatamodeld */,
				16BC4BCD1AA23CE20087C855 /* Supporting Files */,
			);
			path = MetroforApp;
			sourceTree = "<group>";
		};
		16BC4BCD1AA23CE20087C855 /* Supporting Files */ = {
			isa = PBXGroup;
			children = (
				16BC4BCE1AA23CE20087C855 /* Info.plist */,
			);
			name = "Supporting Files";
			sourceTree = "<group>";
		};
		16BC4BE71AA23CE20087C855 /* MetroforAppTests */ = {
			isa = PBXGroup;
			children = (
				16BC4BEA1AA23CE20087C855 /* MetroforAppTests.swift */,
				16BC4BE81AA23CE20087C855 /* Supporting Files */,
			);
			path = MetroforAppTests;
			sourceTree = "<group>";
		};
		16BC4BE81AA23CE20087C855 /* Supporting Files */ = {
			isa = PBXGroup;
			children = (
				16BC4BE91AA23CE20087C855 /* Info.plist */,
			);
			name = "Supporting Files";
			sourceTree = "<group>";
		};
		16BEEA2C1ACE1EBC00EF53D3 /* RRTagController */ = {
			isa = PBXGroup;
			children = (
				16BEEA2D1ACE1ED800EF53D3 /* RRAddTagView.swift */,
				16BEEA2E1ACE1ED800EF53D3 /* RRTagCollectionViewCell.swift */,
				16BEEA2F1ACE1ED800EF53D3 /* RRTagController.swift */,
			);
			name = RRTagController;
			path = MetroforApp;
			sourceTree = "<group>";
		};
		16BEEA331ACE1EF100EF53D3 /* Model */ = {
			isa = PBXGroup;
			children = (
				16BE11CB1AACF1DC0040083F /* Usuario.h */,
				16BC4BF81AA255FD0087C855 /* ManagerData.swift */,
				16BE11CC1AACF1DC0040083F /* Usuario.m */,
				16BC4BFF1AA266B10087C855 /* Linha.h */,
				16BC4C001AA266B10087C855 /* Linha.m */,
				163E93C01AABF9710035913F /* Horario.h */,
				163E93C11AABF9710035913F /* Horario.m */,
				16BC4BFC1AA266B10087C855 /* Estacao.h */,
				16BC4BFD1AA266B10087C855 /* Estacao.m */,
			);
			name = Model;
			sourceTree = "<group>";
		};
		16BEEA341ACE1F0B00EF53D3 /* Controller */ = {
			isa = PBXGroup;
			children = (
				16BE282F1ACB638F00DC44A2 /* SimulateChooseEstacoesViewController.swift */,
				163E93C31AAC058F0035913F /* ConfigTableViewController.swift */,
				16BC4BD41AA23CE20087C855 /* MasterViewController.swift */,
				16BE282B1ACB61F700DC44A2 /* SimuleChooseLinhaTableViewController.swift */,
				16BE11D01AAD097E0040083F /* ShowMapViewController.swift */,
				16BE11CE1AACFE5E0040083F /* MapsChooseEstacaoTableViewController.swift */,
				161A6D9A1AABE6FB0081F40A /* HorariosTableViewController.swift */,
				16DB94B11AAB521F00A56D38 /* OAuthFacebookViewController.swift */,
				16BC2DB81AA363F4004EBBD4 /* ChooseSentidoTableViewController.swift */,
				16BC2DBA1AA39646004EBBD4 /* InitialViewController.swift */,
				16BC4BFA1AA264510087C855 /* ChooseEstacaoTableViewController.swift */,
			);
			name = Controller;
			sourceTree = "<group>";
		};
		16BEEA351ACE1F1500EF53D3 /* View */ = {
			isa = PBXGroup;
			children = (
				16BC4BD81AA23CE20087C855 /* Main.storyboard */,
				16BC4BDD1AA23CE20087C855 /* LaunchScreen.xib */,
			);
			name = View;
			sourceTree = "<group>";
		};
/* End PBXGroup section */

/* Begin PBXNativeTarget section */
		16BC4BC91AA23CE20087C855 /* MetroforApp */ = {
			isa = PBXNativeTarget;
			buildConfigurationList = 16BC4BEE1AA23CE20087C855 /* Build configuration list for PBXNativeTarget "MetroforApp" */;
			buildPhases = (
				16BC4BC61AA23CE20087C855 /* Sources */,
				16BC4BC71AA23CE20087C855 /* Frameworks */,
				16BC4BC81AA23CE20087C855 /* Resources */,
			);
			buildRules = (
			);
			dependencies = (
			);
			name = MetroforApp;
			productName = MetroforApp;
			productReference = 16BC4BCA1AA23CE20087C855 /* MetroforApp.app */;
			productType = "com.apple.product-type.application";
		};
		16BC4BE31AA23CE20087C855 /* MetroforAppTests */ = {
			isa = PBXNativeTarget;
			buildConfigurationList = 16BC4BF11AA23CE20087C855 /* Build configuration list for PBXNativeTarget "MetroforAppTests" */;
			buildPhases = (
				16BC4BE01AA23CE20087C855 /* Sources */,
				16BC4BE11AA23CE20087C855 /* Frameworks */,
				16BC4BE21AA23CE20087C855 /* Resources */,
			);
			buildRules = (
			);
			dependencies = (
				16BC4BE61AA23CE20087C855 /* PBXTargetDependency */,
			);
			name = MetroforAppTests;
			productName = MetroforAppTests;
			productReference = 16BC4BE41AA23CE20087C855 /* MetroforAppTests.xctest */;
			productType = "com.apple.product-type.bundle.unit-test";
		};
/* End PBXNativeTarget section */

/* Begin PBXProject section */
		16BC4BC21AA23CE20087C855 /* Project object */ = {
			isa = PBXProject;
			attributes = {
				LastUpgradeCheck = 0610;
				ORGANIZATIONNAME = "Adolfho Athyla";
				TargetAttributes = {
					16BC4BC91AA23CE20087C855 = {
						CreatedOnToolsVersion = 6.1.1;
						SystemCapabilities = {
							com.apple.BackgroundModes = {
								enabled = 1;
							};
						};
					};
					16BC4BE31AA23CE20087C855 = {
						CreatedOnToolsVersion = 6.1.1;
						TestTargetID = 16BC4BC91AA23CE20087C855;
					};
				};
			};
			buildConfigurationList = 16BC4BC51AA23CE20087C855 /* Build configuration list for PBXProject "MetroforApp" */;
			compatibilityVersion = "Xcode 3.2";
			developmentRegion = English;
			hasScannedForEncodings = 0;
			knownRegions = (
				en,
				Base,
			);
			mainGroup = 16BC4BC11AA23CE20087C855;
			productRefGroup = 16BC4BCB1AA23CE20087C855 /* Products */;
			projectDirPath = "";
			projectRoot = "";
			targets = (
				16BC4BC91AA23CE20087C855 /* MetroforApp */,
				16BC4BE31AA23CE20087C855 /* MetroforAppTests */,
			);
		};
/* End PBXProject section */

/* Begin PBXResourcesBuildPhase section */
		16BC4BC81AA23CE20087C855 /* Resources */ = {
			isa = PBXResourcesBuildPhase;
			buildActionMask = 2147483647;
			files = (
				16BC4BDA1AA23CE20087C855 /* Main.storyboard in Resources */,
				16BC4BDF1AA23CE20087C855 /* LaunchScreen.xib in Resources */,
				16BC4BDC1AA23CE20087C855 /* Images.xcassets in Resources */,
			);
			runOnlyForDeploymentPostprocessing = 0;
		};
		16BC4BE21AA23CE20087C855 /* Resources */ = {
			isa = PBXResourcesBuildPhase;
			buildActionMask = 2147483647;
			files = (
			);
			runOnlyForDeploymentPostprocessing = 0;
		};
/* End PBXResourcesBuildPhase section */

/* Begin PBXSourcesBuildPhase section */
		16BC4BC61AA23CE20087C855 /* Sources */ = {
			isa = PBXSourcesBuildPhase;
			buildActionMask = 2147483647;
			files = (
				16BE28301ACB638F00DC44A2 /* SimulateChooseEstacoesViewController.swift in Sources */,
				16DB94B21AAB521F00A56D38 /* OAuthFacebookViewController.swift in Sources */,
				16BC4BFE1AA266B10087C855 /* Estacao.m in Sources */,
				16BE282C1ACB61F700DC44A2 /* SimuleChooseLinhaTableViewController.swift in Sources */,
				161A6D9B1AABE6FB0081F40A /* HorariosTableViewController.swift in Sources */,
				163E93C41AAC058F0035913F /* ConfigTableViewController.swift in Sources */,
				16BE11D11AAD097E0040083F /* ShowMapViewController.swift in Sources */,
				16BEEA321ACE1ED800EF53D3 /* RRTagController.swift in Sources */,
				16BEEA311ACE1ED800EF53D3 /* RRTagCollectionViewCell.swift in Sources */,
				16BC4BF91AA255FD0087C855 /* ManagerData.swift in Sources */,
				16BEEA301ACE1ED800EF53D3 /* RRAddTagView.swift in Sources */,
				16BC4BD01AA23CE20087C855 /* AppDelegate.swift in Sources */,
				16BE11CD1AACF1DC0040083F /* Usuario.m in Sources */,
				16BC2DBB1AA39646004EBBD4 /* InitialViewController.swift in Sources */,
				16BC4BD31AA23CE20087C855 /* MetroforApp.xcdatamodeld in Sources */,
				16BC4BFB1AA264510087C855 /* ChooseEstacaoTableViewController.swift in Sources */,
				163E93C21AABF9710035913F /* Horario.m in Sources */,
				16BC4BD51AA23CE20087C855 /* MasterViewController.swift in Sources */,
				16BC4C011AA266B10087C855 /* Linha.m in Sources */,
				16BE11CF1AACFE5E0040083F /* MapsChooseEstacaoTableViewController.swift in Sources */,
				16BC2DB91AA363F4004EBBD4 /* ChooseSentidoTableViewController.swift in Sources */,
			);
			runOnlyForDeploymentPostprocessing = 0;
		};
		16BC4BE01AA23CE20087C855 /* Sources */ = {
			isa = PBXSourcesBuildPhase;
			buildActionMask = 2147483647;
			files = (
				16BC4BEB1AA23CE20087C855 /* MetroforAppTests.swift in Sources */,
			);
			runOnlyForDeploymentPostprocessing = 0;
		};
/* End PBXSourcesBuildPhase section */

/* Begin PBXTargetDependency section */
		16BC4BE61AA23CE20087C855 /* PBXTargetDependency */ = {
			isa = PBXTargetDependency;
			target = 16BC4BC91AA23CE20087C855 /* MetroforApp */;
			targetProxy = 16BC4BE51AA23CE20087C855 /* PBXContainerItemProxy */;
		};
/* End PBXTargetDependency section */

/* Begin PBXVariantGroup section */
		16BC4BD81AA23CE20087C855 /* Main.storyboard */ = {
			isa = PBXVariantGroup;
			children = (
				16BC4BD91AA23CE20087C855 /* Base */,
			);
			name = Main.storyboard;
			sourceTree = "<group>";
		};
		16BC4BDD1AA23CE20087C855 /* LaunchScreen.xib */ = {
			isa = PBXVariantGroup;
			children = (
				16BC4BDE1AA23CE20087C855 /* Base */,
			);
			name = LaunchScreen.xib;
			sourceTree = "<group>";
		};
/* End PBXVariantGroup section */

/* Begin XCBuildConfiguration section */
		16BC4BEC1AA23CE20087C855 /* Debug */ = {
			isa = XCBuildConfiguration;
			buildSettings = {
				ALWAYS_SEARCH_USER_PATHS = NO;
				CLANG_CXX_LANGUAGE_STANDARD = "gnu++0x";
				CLANG_CXX_LIBRARY = "libc++";
				CLANG_ENABLE_MODULES = YES;
				CLANG_ENABLE_OBJC_ARC = YES;
				CLANG_WARN_BOOL_CONVERSION = YES;
				CLANG_WARN_CONSTANT_CONVERSION = YES;
				CLANG_WARN_DIRECT_OBJC_ISA_USAGE = YES_ERROR;
				CLANG_WARN_EMPTY_BODY = YES;
				CLANG_WARN_ENUM_CONVERSION = YES;
				CLANG_WARN_INT_CONVERSION = YES;
				CLANG_WARN_OBJC_ROOT_CLASS = YES_ERROR;
				CLANG_WARN_UNREACHABLE_CODE = YES;
				CLANG_WARN__DUPLICATE_METHOD_MATCH = YES;
				"CODE_SIGN_IDENTITY[sdk=iphoneos*]" = "iPhone Developer";
				COPY_PHASE_STRIP = NO;
				ENABLE_STRICT_OBJC_MSGSEND = YES;
				GCC_C_LANGUAGE_STANDARD = gnu99;
				GCC_DYNAMIC_NO_PIC = NO;
				GCC_OPTIMIZATION_LEVEL = 0;
				GCC_PREPROCESSOR_DEFINITIONS = (
					"DEBUG=1",
					"$(inherited)",
				);
				GCC_SYMBOLS_PRIVATE_EXTERN = NO;
				GCC_WARN_64_TO_32_BIT_CONVERSION = YES;
				GCC_WARN_ABOUT_RETURN_TYPE = YES_ERROR;
				GCC_WARN_UNDECLARED_SELECTOR = YES;
				GCC_WARN_UNINITIALIZED_AUTOS = YES_AGGRESSIVE;
				GCC_WARN_UNUSED_FUNCTION = YES;
				GCC_WARN_UNUSED_VARIABLE = YES;
				IPHONEOS_DEPLOYMENT_TARGET = 8.1;
				MTL_ENABLE_DEBUG_INFO = YES;
				ONLY_ACTIVE_ARCH = YES;
				SDKROOT = iphoneos;
				SWIFT_OPTIMIZATION_LEVEL = "-Onone";
			};
			name = Debug;
		};
		16BC4BED1AA23CE20087C855 /* Release */ = {
			isa = XCBuildConfiguration;
			buildSettings = {
				ALWAYS_SEARCH_USER_PATHS = NO;
				CLANG_CXX_LANGUAGE_STANDARD = "gnu++0x";
				CLANG_CXX_LIBRARY = "libc++";
				CLANG_ENABLE_MODULES = YES;
				CLANG_ENABLE_OBJC_ARC = YES;
				CLANG_WARN_BOOL_CONVERSION = YES;
				CLANG_WARN_CONSTANT_CONVERSION = YES;
				CLANG_WARN_DIRECT_OBJC_ISA_USAGE = YES_ERROR;
				CLANG_WARN_EMPTY_BODY = YES;
				CLANG_WARN_ENUM_CONVERSION = YES;
				CLANG_WARN_INT_CONVERSION = YES;
				CLANG_WARN_OBJC_ROOT_CLASS = YES_ERROR;
				CLANG_WARN_UNREACHABLE_CODE = YES;
				CLANG_WARN__DUPLICATE_METHOD_MATCH = YES;
				"CODE_SIGN_IDENTITY[sdk=iphoneos*]" = "iPhone Developer";
				COPY_PHASE_STRIP = YES;
				ENABLE_NS_ASSERTIONS = NO;
				ENABLE_STRICT_OBJC_MSGSEND = YES;
				GCC_C_LANGUAGE_STANDARD = gnu99;
				GCC_WARN_64_TO_32_BIT_CONVERSION = YES;
				GCC_WARN_ABOUT_RETURN_TYPE = YES_ERROR;
				GCC_WARN_UNDECLARED_SELECTOR = YES;
				GCC_WARN_UNINITIALIZED_AUTOS = YES_AGGRESSIVE;
				GCC_WARN_UNUSED_FUNCTION = YES;
				GCC_WARN_UNUSED_VARIABLE = YES;
				IPHONEOS_DEPLOYMENT_TARGET = 8.1;
				MTL_ENABLE_DEBUG_INFO = NO;
				SDKROOT = iphoneos;
				VALIDATE_PRODUCT = YES;
			};
			name = Release;
		};
		16BC4BEF1AA23CE20087C855 /* Debug */ = {
			isa = XCBuildConfiguration;
			buildSettings = {
				ASSETCATALOG_COMPILER_APPICON_NAME = AppIcon;
				CLANG_ENABLE_MODULES = YES;
				FRAMEWORK_SEARCH_PATHS = (
					"$(inherited)",
					/Users/adolfhoathyla/Documents/FacebookSDK,
				);
				INFOPLIST_FILE = MetroforApp/Info.plist;
				LD_RUNPATH_SEARCH_PATHS = "$(inherited) @executable_path/Frameworks";
				PRODUCT_NAME = "$(TARGET_NAME)";
				SWIFT_OBJC_BRIDGING_HEADER = "MetroforApp/MetroforApp-Bridging-Header.h";
				SWIFT_OPTIMIZATION_LEVEL = "-Onone";
			};
			name = Debug;
		};
		16BC4BF01AA23CE20087C855 /* Release */ = {
			isa = XCBuildConfiguration;
			buildSettings = {
				ASSETCATALOG_COMPILER_APPICON_NAME = AppIcon;
				CLANG_ENABLE_MODULES = YES;
				FRAMEWORK_SEARCH_PATHS = (
					"$(inherited)",
					/Users/adolfhoathyla/Documents/FacebookSDK,
				);
				INFOPLIST_FILE = MetroforApp/Info.plist;
				LD_RUNPATH_SEARCH_PATHS = "$(inherited) @executable_path/Frameworks";
				PRODUCT_NAME = "$(TARGET_NAME)";
				SWIFT_OBJC_BRIDGING_HEADER = "MetroforApp/MetroforApp-Bridging-Header.h";
			};
			name = Release;
		};
		16BC4BF21AA23CE20087C855 /* Debug */ = {
			isa = XCBuildConfiguration;
			buildSettings = {
				BUNDLE_LOADER = "$(TEST_HOST)";
				FRAMEWORK_SEARCH_PATHS = (
					"$(SDKROOT)/Developer/Library/Frameworks",
					"$(inherited)",
				);
				GCC_PREPROCESSOR_DEFINITIONS = (
					"DEBUG=1",
					"$(inherited)",
				);
				INFOPLIST_FILE = MetroforAppTests/Info.plist;
				LD_RUNPATH_SEARCH_PATHS = "$(inherited) @executable_path/Frameworks @loader_path/Frameworks";
				PRODUCT_NAME = "$(TARGET_NAME)";
				TEST_HOST = "$(BUILT_PRODUCTS_DIR)/MetroforApp.app/MetroforApp";
			};
			name = Debug;
		};
		16BC4BF31AA23CE20087C855 /* Release */ = {
			isa = XCBuildConfiguration;
			buildSettings = {
				BUNDLE_LOADER = "$(TEST_HOST)";
				FRAMEWORK_SEARCH_PATHS = (
					"$(SDKROOT)/Developer/Library/Frameworks",
					"$(inherited)",
				);
				INFOPLIST_FILE = MetroforAppTests/Info.plist;
				LD_RUNPATH_SEARCH_PATHS = "$(inherited) @executable_path/Frameworks @loader_path/Frameworks";
				PRODUCT_NAME = "$(TARGET_NAME)";
				TEST_HOST = "$(BUILT_PRODUCTS_DIR)/MetroforApp.app/MetroforApp";
			};
			name = Release;
		};
/* End XCBuildConfiguration section */

/* Begin XCConfigurationList section */
		16BC4BC51AA23CE20087C855 /* Build configuration list for PBXProject "MetroforApp" */ = {
			isa = XCConfigurationList;
			buildConfigurations = (
				16BC4BEC1AA23CE20087C855 /* Debug */,
				16BC4BED1AA23CE20087C855 /* Release */,
			);
			defaultConfigurationIsVisible = 0;
			defaultConfigurationName = Release;
		};
		16BC4BEE1AA23CE20087C855 /* Build configuration list for PBXNativeTarget "MetroforApp" */ = {
			isa = XCConfigurationList;
			buildConfigurations = (
				16BC4BEF1AA23CE20087C855 /* Debug */,
				16BC4BF01AA23CE20087C855 /* Release */,
			);
			defaultConfigurationIsVisible = 0;
			defaultConfigurationName = Release;
		};
		16BC4BF11AA23CE20087C855 /* Build configuration list for PBXNativeTarget "MetroforAppTests" */ = {
			isa = XCConfigurationList;
			buildConfigurations = (
				16BC4BF21AA23CE20087C855 /* Debug */,
				16BC4BF31AA23CE20087C855 /* Release */,
			);
			defaultConfigurationIsVisible = 0;
			defaultConfigurationName = Release;
		};
/* End XCConfigurationList section */

/* Begin XCVersionGroup section */
		16BC4BD11AA23CE20087C855 /* MetroforApp.xcdatamodeld */ = {
			isa = XCVersionGroup;
			children = (
				16BC4BD21AA23CE20087C855 /* MetroforApp.xcdatamodel */,
			);
			currentVersion = 16BC4BD21AA23CE20087C855 /* MetroforApp.xcdatamodel */;
			path = MetroforApp.xcdatamodeld;
			sourceTree = "<group>";
			versionGroupType = wrapper.xcdatamodel;
		};
/* End XCVersionGroup section */
	};
	rootObject = 16BC4BC21AA23CE20087C855 /* Project object */;
}
